// !$*UTF8*$!
{
	archiveVersion = 1;
	classes = {
	};
	objectVersion = 46;
	objects = {

/* Begin PBXBuildFile section */
		16617C3B1C81FC9300A331D7 /* AppDelegate.swift in Sources */ = {isa = PBXBuildFile; fileRef = 16617C3A1C81FC9300A331D7 /* AppDelegate.swift */; };
		16617C3D1C81FC9300A331D7 /* ViewController.swift in Sources */ = {isa = PBXBuildFile; fileRef = 16617C3C1C81FC9300A331D7 /* ViewController.swift */; };
		16617C401C81FC9300A331D7 /* Main.storyboard in Resources */ = {isa = PBXBuildFile; fileRef = 16617C3E1C81FC9300A331D7 /* Main.storyboard */; };
		16617C421C81FC9300A331D7 /* Assets.xcassets in Resources */ = {isa = PBXBuildFile; fileRef = 16617C411C81FC9300A331D7 /* Assets.xcassets */; };
		16617C451C81FC9300A331D7 /* LaunchScreen.storyboard in Resources */ = {isa = PBXBuildFile; fileRef = 16617C431C81FC9300A331D7 /* LaunchScreen.storyboard */; };
		16617C531C81FD0B00A331D7 /* Style.yaml in Resources */ = {isa = PBXBuildFile; fileRef = 16617C521C81FD0B00A331D7 /* Style.yaml */; };
		16617C551C81FD3800A331D7 /* Style.generated.swift in Sources */ = {isa = PBXBuildFile; fileRef = 16617C541C81FD3800A331D7 /* Style.generated.swift */; };
		16617C571C81FD7B00A331D7 /* FooView.swift in Sources */ = {isa = PBXBuildFile; fileRef = 16617C561C81FD7B00A331D7 /* FooView.swift */; };
/* End PBXBuildFile section */

/* Begin PBXFileReference section */
		16617C371C81FC9300A331D7 /* Demo.app */ = {isa = PBXFileReference; explicitFileType = wrapper.application; includeInIndex = 0; path = Demo.app; sourceTree = BUILT_PRODUCTS_DIR; };
		16617C3A1C81FC9300A331D7 /* AppDelegate.swift */ = {isa = PBXFileReference; lastKnownFileType = sourcecode.swift; path = AppDelegate.swift; sourceTree = "<group>"; };
		16617C3C1C81FC9300A331D7 /* ViewController.swift */ = {isa = PBXFileReference; lastKnownFileType = sourcecode.swift; path = ViewController.swift; sourceTree = "<group>"; };
		16617C3F1C81FC9300A331D7 /* Base */ = {isa = PBXFileReference; lastKnownFileType = file.storyboard; name = Base; path = Base.lproj/Main.storyboard; sourceTree = "<group>"; };
		16617C411C81FC9300A331D7 /* Assets.xcassets */ = {isa = PBXFileReference; lastKnownFileType = folder.assetcatalog; path = Assets.xcassets; sourceTree = "<group>"; };
		16617C441C81FC9300A331D7 /* Base */ = {isa = PBXFileReference; lastKnownFileType = file.storyboard; name = Base; path = Base.lproj/LaunchScreen.storyboard; sourceTree = "<group>"; };
		16617C461C81FC9300A331D7 /* Info.plist */ = {isa = PBXFileReference; lastKnownFileType = text.plist.xml; path = Info.plist; sourceTree = "<group>"; };
		16617C521C81FD0B00A331D7 /* Style.yaml */ = {isa = PBXFileReference; fileEncoding = 4; lastKnownFileType = text; path = Style.yaml; sourceTree = "<group>"; };
		16617C541C81FD3800A331D7 /* Style.generated.swift */ = {isa = PBXFileReference; fileEncoding = 4; lastKnownFileType = sourcecode.swift; path = Style.generated.swift; sourceTree = "<group>"; };
		16617C561C81FD7B00A331D7 /* FooView.swift */ = {isa = PBXFileReference; fileEncoding = 4; lastKnownFileType = sourcecode.swift; path = FooView.swift; sourceTree = "<group>"; };
/* End PBXFileReference section */

/* Begin PBXFrameworksBuildPhase section */
		16617C341C81FC9300A331D7 /* Frameworks */ = {
			isa = PBXFrameworksBuildPhase;
			buildActionMask = 2147483647;
			files = (
			);
			runOnlyForDeploymentPostprocessing = 0;
		};
/* End PBXFrameworksBuildPhase section */

/* Begin PBXGroup section */
		16617C2E1C81FC9300A331D7 = {
			isa = PBXGroup;
			children = (
				16617C391C81FC9300A331D7 /* Demo */,
				16617C381C81FC9300A331D7 /* Products */,
			);
			sourceTree = "<group>";
		};
		16617C381C81FC9300A331D7 /* Products */ = {
			isa = PBXGroup;
			children = (
				16617C371C81FC9300A331D7 /* Demo.app */,
			);
			name = Products;
			sourceTree = "<group>";
		};
		16617C391C81FC9300A331D7 /* Demo */ = {
			isa = PBXGroup;
			children = (
				16617C4C1C81FCA800A331D7 /* Stylesheet */,
				16617C3A1C81FC9300A331D7 /* AppDelegate.swift */,
				16617C3C1C81FC9300A331D7 /* ViewController.swift */,
				16617C561C81FD7B00A331D7 /* FooView.swift */,
				16617C3E1C81FC9300A331D7 /* Main.storyboard */,
				16617C411C81FC9300A331D7 /* Assets.xcassets */,
				16617C431C81FC9300A331D7 /* LaunchScreen.storyboard */,
				16617C461C81FC9300A331D7 /* Info.plist */,
			);
			path = Demo;
			sourceTree = "<group>";
		};
		16617C4C1C81FCA800A331D7 /* Stylesheet */ = {
			isa = PBXGroup;
			children = (
				16617C541C81FD3800A331D7 /* Style.generated.swift */,
				16617C521C81FD0B00A331D7 /* Style.yaml */,
			);
			name = Stylesheet;
			sourceTree = "<group>";
		};
/* End PBXGroup section */

/* Begin PBXNativeTarget section */
		16617C361C81FC9300A331D7 /* Demo */ = {
			isa = PBXNativeTarget;
			buildConfigurationList = 16617C491C81FC9300A331D7 /* Build configuration list for PBXNativeTarget "Demo" */;
			buildPhases = (
				16617C331C81FC9300A331D7 /* Sources */,
				16617C341C81FC9300A331D7 /* Frameworks */,
				16617C351C81FC9300A331D7 /* Resources */,
				16617C511C81FCD300A331D7 /* ShellScript */,
			);
			buildRules = (
			);
			dependencies = (
			);
			name = Demo;
			productName = Demo;
			productReference = 16617C371C81FC9300A331D7 /* Demo.app */;
			productType = "com.apple.product-type.application";
		};
/* End PBXNativeTarget section */

/* Begin PBXProject section */
		16617C2F1C81FC9300A331D7 /* Project object */ = {
			isa = PBXProject;
			attributes = {
				LastSwiftUpdateCheck = 0720;
				LastUpgradeCheck = 0720;
				ORGANIZATIONNAME = "Alex Usbergo";
				TargetAttributes = {
					16617C361C81FC9300A331D7 = {
						CreatedOnToolsVersion = 7.2.1;
					};
				};
			};
			buildConfigurationList = 16617C321C81FC9300A331D7 /* Build configuration list for PBXProject "Demo" */;
			compatibilityVersion = "Xcode 3.2";
			developmentRegion = English;
			hasScannedForEncodings = 0;
			knownRegions = (
				en,
				Base,
			);
			mainGroup = 16617C2E1C81FC9300A331D7;
			productRefGroup = 16617C381C81FC9300A331D7 /* Products */;
			projectDirPath = "";
			projectRoot = "";
			targets = (
				16617C361C81FC9300A331D7 /* Demo */,
			);
		};
/* End PBXProject section */

/* Begin PBXResourcesBuildPhase section */
		16617C351C81FC9300A331D7 /* Resources */ = {
			isa = PBXResourcesBuildPhase;
			buildActionMask = 2147483647;
			files = (
				16617C531C81FD0B00A331D7 /* Style.yaml in Resources */,
				16617C451C81FC9300A331D7 /* LaunchScreen.storyboard in Resources */,
				16617C421C81FC9300A331D7 /* Assets.xcassets in Resources */,
				16617C401C81FC9300A331D7 /* Main.storyboard in Resources */,
			);
			runOnlyForDeploymentPostprocessing = 0;
		};
/* End PBXResourcesBuildPhase section */

/* Begin PBXShellScriptBuildPhase section */
		16617C511C81FCD300A331D7 /* ShellScript */ = {
			isa = PBXShellScriptBuildPhase;
			buildActionMask = 2147483647;
			files = (
			);
			inputPaths = (
			);
			outputPaths = (
			);
			runOnlyForDeploymentPostprocessing = 0;
			shellPath = /bin/sh;
			shellScript = "sgen $SRCROOT";
		};
/* End PBXShellScriptBuildPhase section */

/* Begin PBXSourcesBuildPhase section */
		16617C331C81FC9300A331D7 /* Sources */ = {
			isa = PBXSourcesBuildPhase;
			buildActionMask = 2147483647;
			files = (
				16617C571C81FD7B00A331D7 /* FooView.swift in Sources */,
				16617C3D1C81FC9300A331D7 /* ViewController.swift in Sources */,
				16617C551C81FD3800A331D7 /* Style.generated.swift in Sources */,
				16617C3B1C81FC9300A331D7 /* AppDelegate.swift in Sources */,
			);
			runOnlyForDeploymentPostprocessing = 0;
		};
/* End PBXSourcesBuildPhase section */

/* Begin PBXVariantGroup section */
		16617C3E1C81FC9300A331D7 /* Main.storyboard */ = {
			isa = PBXVariantGroup;
			children = (
				16617C3F1C81FC9300A331D7 /* Base */,
			);
			name = Main.storyboard;
			sourceTree = "<group>";
		};
		16617C431C81FC9300A331D7 /* LaunchScreen.storyboard */ = {
			isa = PBXVariantGroup;
			children = (
				16617C441C81FC9300A331D7 /* Base */,
			);
			name = LaunchScreen.storyboard;
			sourceTree = "<group>";
		};
/* End PBXVariantGroup section */

/* Begin XCBuildConfiguration section */
		16617C471C81FC9300A331D7 /* Debug */ = {
			isa = XCBuildConfiguration;
			buildSettings = {
				ALWAYS_SEARCH_USER_PATHS = NO;
				CLANG_CXX_LANGUAGE_STANDARD = "gnu++0x";
				CLANG_CXX_LIBRARY = "libc++";
				CLANG_ENABLE_MODULES = YES;
				CLANG_ENABLE_OBJC_ARC = YES;
				CLANG_WARN_BOOL_CONVERSION = YES;
				CLANG_WARN_CONSTANT_CONVERSION = YES;
				CLANG_WARN_DIRECT_OBJC_ISA_USAGE = YES_ERROR;
				CLANG_WARN_EMPTY_BODY = YES;
				CLANG_WARN_ENUM_CONVERSION = YES;
				CLANG_WARN_INT_CONVERSION = YES;
				CLANG_WARN_OBJC_ROOT_CLASS = YES_ERROR;
				CLANG_WARN_UNREACHABLE_CODE = YES;
				CLANG_WARN__DUPLICATE_METHOD_MATCH = YES;
				"CODE_SIGN_IDENTITY[sdk=iphoneos*]" = "iPhone Developer";
				COPY_PHASE_STRIP = NO;
				DEBUG_INFORMATION_FORMAT = dwarf;
				ENABLE_STRICT_OBJC_MSGSEND = YES;
				ENABLE_TESTABILITY = YES;
				GCC_C_LANGUAGE_STANDARD = gnu99;
				GCC_DYNAMIC_NO_PIC = NO;
				GCC_NO_COMMON_BLOCKS = YES;
				GCC_OPTIMIZATION_LEVEL = 0;
				GCC_PREPROCESSOR_DEFINITIONS = (
					"DEBUG=1",
					"$(inherited)",
				);
				GCC_WARN_64_TO_32_BIT_CONVERSION = YES;
				GCC_WARN_ABOUT_RETURN_TYPE = YES_ERROR;
				GCC_WARN_UNDECLARED_SELECTOR = YES;
				GCC_WARN_UNINITIALIZED_AUTOS = YES_AGGRESSIVE;
				GCC_WARN_UNUSED_FUNCTION = YES;
				GCC_WARN_UNUSED_VARIABLE = YES;
				IPHONEOS_DEPLOYMENT_TARGET = 9.2;
				MTL_ENABLE_DEBUG_INFO = YES;
				ONLY_ACTIVE_ARCH = YES;
				SDKROOT = iphoneos;
				SWIFT_OPTIMIZATION_LEVEL = "-Onone";
				TARGETED_DEVICE_FAMILY = "1,2";
			};
			name = Debug;
		};
		16617C481C81FC9300A331D7 /* Release */ = {
			isa = XCBuildConfiguration;
			buildSettings = {
				ALWAYS_SEARCH_USER_PATHS = NO;
				CLANG_CXX_LANGUAGE_STANDARD = "gnu++0x";
				CLANG_CXX_LIBRARY = "libc++";
				CLANG_ENABLE_MODULES = YES;
				CLANG_ENABLE_OBJC_ARC = YES;
				CLANG_WARN_BOOL_CONVERSION = YES;
				CLANG_WARN_CONSTANT_CONVERSION = YES;
				CLANG_WARN_DIRECT_OBJC_ISA_USAGE = YES_ERROR;
				CLANG_WARN_EMPTY_BODY = YES;
				CLANG_WARN_ENUM_CONVERSION = YES;
				CLANG_WARN_INT_CONVERSION = YES;
				CLANG_WARN_OBJC_ROOT_CLASS = YES_ERROR;
				CLANG_WARN_UNREACHABLE_CODE = YES;
				CLANG_WARN__DUPLICATE_METHOD_MATCH = YES;
				"CODE_SIGN_IDENTITY[sdk=iphoneos*]" = "iPhone Developer";
				COPY_PHASE_STRIP = NO;
				DEBUG_INFORMATION_FORMAT = "dwarf-with-dsym";
				ENABLE_NS_ASSERTIONS = NO;
				ENABLE_STRICT_OBJC_MSGSEND = YES;
				GCC_C_LANGUAGE_STANDARD = gnu99;
				GCC_NO_COMMON_BLOCKS = YES;
				GCC_WARN_64_TO_32_BIT_CONVERSION = YES;
				GCC_WARN_ABOUT_RETURN_TYPE = YES_ERROR;
				GCC_WARN_UNDECLARED_SELECTOR = YES;
				GCC_WARN_UNINITIALIZED_AUTOS = YES_AGGRESSIVE;
				GCC_WARN_UNUSED_FUNCTION = YES;
				GCC_WARN_UNUSED_VARIABLE = YES;
				IPHONEOS_DEPLOYMENT_TARGET = 9.2;
				MTL_ENABLE_DEBUG_INFO = NO;
				SDKROOT = iphoneos;
				TARGETED_DEVICE_FAMILY = "1,2";
				VALIDATE_PRODUCT = YES;
			};
			name = Release;
		};
		16617C4A1C81FC9300A331D7 /* Debug */ = {
			isa = XCBuildConfiguration;
			buildSettings = {
				ASSETCATALOG_COMPILER_APPICON_NAME = AppIcon;
				INFOPLIST_FILE = Demo/Info.plist;
				LD_RUNPATH_SEARCH_PATHS = "$(inherited) @executable_path/Frameworks";
				PRODUCT_BUNDLE_IDENTIFIER = com.s.Demo;
				PRODUCT_NAME = "$(TARGET_NAME)";
			};
			name = Debug;
		};
		16617C4B1C81FC9300A331D7 /* Release */ = {
			isa = XCBuildConfiguration;
			buildSettings = {
				ASSETCATALOG_COMPILER_APPICON_NAME = AppIcon;
				INFOPLIST_FILE = Demo/Info.plist;
				LD_RUNPATH_SEARCH_PATHS = "$(inherited) @executable_path/Frameworks";
				PRODUCT_BUNDLE_IDENTIFIER = com.s.Demo;
				PRODUCT_NAME = "$(TARGET_NAME)";
			};
			name = Release;
		};
/* End XCBuildConfiguration section */

/* Begin XCConfigurationList section */
		16617C321C81FC9300A331D7 /* Build configuration list for PBXProject "Demo" */ = {
			isa = XCConfigurationList;
			buildConfigurations = (
				16617C471C81FC9300A331D7 /* Debug */,
				16617C481C81FC9300A331D7 /* Release */,
			);
			defaultConfigurationIsVisible = 0;
			defaultConfigurationName = Release;
		};
		16617C491C81FC9300A331D7 /* Build configuration list for PBXNativeTarget "Demo" */ = {
			isa = XCConfigurationList;
			buildConfigurations = (
				16617C4A1C81FC9300A331D7 /* Debug */,
				16617C4B1C81FC9300A331D7 /* Release */,
			);
			defaultConfigurationIsVisible = 0;
		};
/* End XCConfigurationList section */
	};
	rootObject = 16617C2F1C81FC9300A331D7 /* Project object */;
}
